
Microsoft Visual Studio Solution File, Format Version 12.00
# Visual Studio Version 16
VisualStudioVersion = 16.0.31729.503
MinimumVisualStudioVersion = 10.0.40219.1
Project("{FAE04EC0-301F-11D3-BF4B-00C04F79EFBC}") = "ServerConfigForm-P5-20190140097", "ServerConfigForm-P5-20190140097.csproj", "{CC13882E-167C-4C7A-96A8-475349CC457D}"
EndProject
Global
	GlobalSection(SolutionConfigurationPlatforms) = preSolution
		Debug|Any CPU = Debug|Any CPU
		Release|Any CPU = Release|Any CPU
	EndGlobalSection
	GlobalSection(ProjectConfigurationPlatforms) = postSolution
		{CC13882E-167C-4C7A-96A8-475349CC457D}.Debug|Any CPU.ActiveCfg = Debug|Any CPU
		{CC13882E-167C-4C7A-96A8-475349CC457D}.Debug|Any CPU.Build.0 = Debug|Any CPU
		{CC13882E-167C-4C7A-96A8-475349CC457D}.Release|Any CPU.ActiveCfg = Release|Any CPU
		{CC13882E-167C-4C7A-96A8-475349CC457D}.Release|Any CPU.Build.0 = Release|Any CPU
	EndGlobalSection
	GlobalSection(SolutionProperties) = preSolution
		HideSolutionNode = FALSE
	EndGlobalSection
	GlobalSection(ExtensibilityGlobals) = postSolution
		SolutionGuid = {B984048F-895D-41B5-8256-E4BD7C88B4EA}
	EndGlobalSection
EndGlobal
